
Microsoft Visual Studio Solution File, Format Version 12.00
# Visual Studio Version 16
VisualStudioVersion = 16.0.30413.136
MinimumVisualStudioVersion = 10.0.40219.1
Project("{FAE04EC0-301F-11D3-BF4B-00C04F79EFBC}") = "Cloud Launcher", "XLauncher\Cloud Launcher.csproj", "{94BAB4A0-9F08-477E-BAEE-AF3893DFA435}"
EndProject
Global
	GlobalSection(SolutionConfigurationPlatforms) = preSolution
		Debug|Any CPU = Debug|Any CPU
		Release|Any CPU = Release|Any CPU
	EndGlobalSection
	GlobalSection(ProjectConfigurationPlatforms) = postSolution
		{94BAB4A0-9F08-477E-BAEE-AF3893DFA435}.Debug|Any CPU.ActiveCfg = Debug|Any CPU
		{94BAB4A0-9F08-477E-BAEE-AF3893DFA435}.Debug|Any CPU.Build.0 = Debug|Any CPU
		{94BAB4A0-9F08-477E-BAEE-AF3893DFA435}.Release|Any CPU.ActiveCfg = Release|Any CPU
		{94BAB4A0-9F08-477E-BAEE-AF3893DFA435}.Release|Any CPU.Build.0 = Release|Any CPU
	EndGlobalSection
	GlobalSection(SolutionProperties) = preSolution
		HideSolutionNode = FALSE
	EndGlobalSection
	GlobalSection(ExtensibilityGlobals) = postSolution
		SolutionGuid = {9C8412E6-405B-4AFD-95DB-49723E308D74}
	EndGlobalSection
EndGlobal
